PODS:
  - Gifu (3.3)
  - IQKeyboardManagerSwift (6.5.6)
  - lottie-ios (3.1.9)
  - TinyConstraints (4.0.1)

DEPENDENCIES:
  - Gifu (~> 3.3.0)
  - IQKeyboardManagerSwift (~> 6.5.6)
  - lottie-ios (~> 3.1.9)
  - TinyConstraints (~> 4.0.1)

SPEC REPOS:
  trunk:
    - Gifu
    - IQKeyboardManagerSwift
    - lottie-ios
    - TinyConstraints

SPEC CHECKSUMS:
  Gifu: 97c2a3c3865fbc834ab13f797e2e8e7729a1853c
  IQKeyboardManagerSwift: c7df9d2deb356c04522f5c4b7b6e4ce4d8ed94fe
  lottie-ios: 3a3758ef5a008e762faec9c9d50a39842f26d124
  TinyConstraints: 8dd91295e56797648c7bc335dd20e1d91ec4c192

PODFILE CHECKSUM: 6d089baf9ef76e12519bd27ca70a76dc1d8fe98a

COCOAPODS: 1.10.0
